
Microsoft Visual Studio Solution File, Format Version 12.00
# Visual Studio 15
VisualStudioVersion = 15.0.28307.572
MinimumVisualStudioVersion = 10.0.40219.1
Project("{2150E333-8FDC-42A3-9474-1A3956D46DE8}") = "Client", "Client", "{CE5ADAB5-CBDB-4613-8DA7-4D62E2642043}"
EndProject
Project("{2150E333-8FDC-42A3-9474-1A3956D46DE8}") = "Service", "Service", "{2F2FE1F6-7FD3-4DE5-82E6-D4F539A57A95}"
EndProject
Project("{2150E333-8FDC-42A3-9474-1A3956D46DE8}") = "Libraries", "Libraries", "{2899AB57-3A68-4F02-A9BC-55CF2A43A0AC}"
EndProject
Project("{FAE04EC0-301F-11D3-BF4B-00C04F79EFBC}") = "MedicalSystem.AnesWorkStation.DataServices", "src\MedicalSystem.AnesWorkStation.DataServices\MedicalSystem.AnesWorkStation.DataServices.csproj", "{95C5BB6A-6351-4382-90C9-938C9A3BF997}"
EndProject
Project("{FAE04EC0-301F-11D3-BF4B-00C04F79EFBC}") = "MedicalSystem.AnesWorkStation.Domain", "src\MedicalSystem.AnesWorkStation.Domain\MedicalSystem.AnesWorkStation.Domain.csproj", "{EE71DA80-4E68-4A94-AEFA-ACBE2565BE5E}"
EndProject
Project("{FAE04EC0-301F-11D3-BF4B-00C04F79EFBC}") = "MedicalSystem.AnesWorkStation.Service.WebApi", "src\MedicalSystem.AnesWorkStation.Service.WebApi\MedicalSystem.AnesWorkStation.Service.WebApi.csproj", "{4903FFE1-5A02-46C0-B468-2BE5DFC0EB30}"
EndProject
Project("{FAE04EC0-301F-11D3-BF4B-00C04F79EFBC}") = "MedicalSystem.AnesWorkStation.KeyBoard", "src\MedicalSystem.AnesWorkStation.KeyBoard\MedicalSystem.AnesWorkStation.KeyBoard.csproj", "{5342B57A-ECC7-445A-8EA0-F4D191C9518E}"
EndProject
Project("{FAE04EC0-301F-11D3-BF4B-00C04F79EFBC}") = "MedicalSystem.AnesWorkStation.Model", "src\MedicalSystem.AnesWorkStation.Model\MedicalSystem.AnesWorkStation.Model.csproj", "{0B3A7DBD-F135-4C43-81B7-29CA55AFDDDD}"
EndProject
Project("{FAE04EC0-301F-11D3-BF4B-00C04F79EFBC}") = "MedicalSystem.AnesWorkStation.View", "src\MedicalSystem.AnesWorkStation.View\MedicalSystem.AnesWorkStation.View.csproj", "{384542EB-5DA0-444A-ACEB-48C2E6078375}"
EndProject
Project("{FAE04EC0-301F-11D3-BF4B-00C04F79EFBC}") = "MedicalSystem.AnesWorkStation.ViewModel", "src\MedicalSystem.AnesWorkStation.ViewModel\MedicalSystem.AnesWorkStation.ViewModel.csproj", "{69254EAE-807F-419B-9917-4560E3B921A4}"
EndProject
Project("{FAE04EC0-301F-11D3-BF4B-00C04F79EFBC}") = "MedicalSystem.AnesWorkStation.Wpf", "src\MedicalSystem.AnesWorkStation.Wpf\MedicalSystem.AnesWorkStation.Wpf.csproj", "{F03C5A1F-F2BA-4783-B65E-56253B305DE2}"
EndProject
Project("{FAE04EC0-301F-11D3-BF4B-00C04F79EFBC}") = "MedicalSystem.Anes.CustomProject", "src\MedicalSystem.Anes.CustomProject\MedicalSystem.Anes.CustomProject.csproj", "{0D688883-0FE9-4274-94A1-0BE30460724E}"
EndProject
Project("{FAE04EC0-301F-11D3-BF4B-00C04F79EFBC}") = "MedicalSystem.Anes.FrameWork", "src\MedicalSystem.Anes.FrameWork\MedicalSystem.Anes.FrameWork.csproj", "{2A23BDA0-1F81-4779-B1C4-A874B2475750}"
EndProject
Project("{FAE04EC0-301F-11D3-BF4B-00C04F79EFBC}") = "MedicalSystem.Anes.Document", "src\MedicalSystem.Anes.Document\MedicalSystem.Anes.Document.csproj", "{D8DBDD51-DAC9-4ADD-A4A3-6B08115E4777}"
EndProject
Project("{2150E333-8FDC-42A3-9474-1A3956D46DE8}") = ".nuget", ".nuget", "{D71693A5-419A-430E-B92F-70496BFE2C99}"
	ProjectSection(SolutionItems) = preProject
		.nuget\NuGet.Config = .nuget\NuGet.Config
		.nuget\NuGet.exe = .nuget\NuGet.exe
		.nuget\NuGet.targets = .nuget\NuGet.targets
	EndProjectSection
EndProject
Project("{FAE04EC0-301F-11D3-BF4B-00C04F79EFBC}") = "Score", "src\Score\Score.csproj", "{3059098A-7F49-44C9-9F15-76AEE0BB6F0B}"
EndProject
Global
	GlobalSection(SolutionConfigurationPlatforms) = preSolution
		Debug|Any CPU = Debug|Any CPU
		Debug|x64 = Debug|x64
		Debug|x86 = Debug|x86
		debug64|Any CPU = debug64|Any CPU
		debug64|x64 = debug64|x64
		debug64|x86 = debug64|x86
		Release|Any CPU = Release|Any CPU
		Release|x64 = Release|x64
		Release|x86 = Release|x86
	EndGlobalSection
	GlobalSection(ProjectConfigurationPlatforms) = postSolution
		{95C5BB6A-6351-4382-90C9-938C9A3BF997}.Debug|Any CPU.ActiveCfg = Debug|Any CPU
		{95C5BB6A-6351-4382-90C9-938C9A3BF997}.Debug|Any CPU.Build.0 = Debug|Any CPU
		{95C5BB6A-6351-4382-90C9-938C9A3BF997}.Debug|x64.ActiveCfg = Debug|Any CPU
		{95C5BB6A-6351-4382-90C9-938C9A3BF997}.Debug|x64.Build.0 = Debug|Any CPU
		{95C5BB6A-6351-4382-90C9-938C9A3BF997}.Debug|x86.ActiveCfg = Debug|Any CPU
		{95C5BB6A-6351-4382-90C9-938C9A3BF997}.debug64|Any CPU.ActiveCfg = Debug|Any CPU
		{95C5BB6A-6351-4382-90C9-938C9A3BF997}.debug64|Any CPU.Build.0 = Debug|Any CPU
		{95C5BB6A-6351-4382-90C9-938C9A3BF997}.debug64|x64.ActiveCfg = Debug|Any CPU
		{95C5BB6A-6351-4382-90C9-938C9A3BF997}.debug64|x64.Build.0 = Debug|Any CPU
		{95C5BB6A-6351-4382-90C9-938C9A3BF997}.debug64|x86.ActiveCfg = Debug|Any CPU
		{95C5BB6A-6351-4382-90C9-938C9A3BF997}.debug64|x86.Build.0 = Debug|Any CPU
		{95C5BB6A-6351-4382-90C9-938C9A3BF997}.Release|Any CPU.ActiveCfg = Release|Any CPU
		{95C5BB6A-6351-4382-90C9-938C9A3BF997}.Release|Any CPU.Build.0 = Release|Any CPU
		{95C5BB6A-6351-4382-90C9-938C9A3BF997}.Release|x64.ActiveCfg = Release|Any CPU
		{95C5BB6A-6351-4382-90C9-938C9A3BF997}.Release|x64.Build.0 = Release|Any CPU
		{95C5BB6A-6351-4382-90C9-938C9A3BF997}.Release|x86.ActiveCfg = Release|Any CPU
		{EE71DA80-4E68-4A94-AEFA-ACBE2565BE5E}.Debug|Any CPU.ActiveCfg = Debug|Any CPU
		{EE71DA80-4E68-4A94-AEFA-ACBE2565BE5E}.Debug|Any CPU.Build.0 = Debug|Any CPU
		{EE71DA80-4E68-4A94-AEFA-ACBE2565BE5E}.Debug|x64.ActiveCfg = Debug|Any CPU
		{EE71DA80-4E68-4A94-AEFA-ACBE2565BE5E}.Debug|x64.Build.0 = Debug|Any CPU
		{EE71DA80-4E68-4A94-AEFA-ACBE2565BE5E}.Debug|x86.ActiveCfg = Debug|Any CPU
		{EE71DA80-4E68-4A94-AEFA-ACBE2565BE5E}.debug64|Any CPU.ActiveCfg = Debug|Any CPU
		{EE71DA80-4E68-4A94-AEFA-ACBE2565BE5E}.debug64|Any CPU.Build.0 = Debug|Any CPU
		{EE71DA80-4E68-4A94-AEFA-ACBE2565BE5E}.debug64|x64.ActiveCfg = Debug|Any CPU
		{EE71DA80-4E68-4A94-AEFA-ACBE2565BE5E}.debug64|x64.Build.0 = Debug|Any CPU
		{EE71DA80-4E68-4A94-AEFA-ACBE2565BE5E}.debug64|x86.ActiveCfg = Debug|Any CPU
		{EE71DA80-4E68-4A94-AEFA-ACBE2565BE5E}.debug64|x86.Build.0 = Debug|Any CPU
		{EE71DA80-4E68-4A94-AEFA-ACBE2565BE5E}.Release|Any CPU.ActiveCfg = Release|Any CPU
		{EE71DA80-4E68-4A94-AEFA-ACBE2565BE5E}.Release|Any CPU.Build.0 = Release|Any CPU
		{EE71DA80-4E68-4A94-AEFA-ACBE2565BE5E}.Release|x64.ActiveCfg = Release|Any CPU
		{EE71DA80-4E68-4A94-AEFA-ACBE2565BE5E}.Release|x64.Build.0 = Release|Any CPU
		{EE71DA80-4E68-4A94-AEFA-ACBE2565BE5E}.Release|x86.ActiveCfg = Release|Any CPU
		{4903FFE1-5A02-46C0-B468-2BE5DFC0EB30}.Debug|Any CPU.ActiveCfg = Debug|Any CPU
		{4903FFE1-5A02-46C0-B468-2BE5DFC0EB30}.Debug|Any CPU.Build.0 = Debug|Any CPU
		{4903FFE1-5A02-46C0-B468-2BE5DFC0EB30}.Debug|x64.ActiveCfg = Debug|Any CPU
		{4903FFE1-5A02-46C0-B468-2BE5DFC0EB30}.Debug|x64.Build.0 = Debug|Any CPU
		{4903FFE1-5A02-46C0-B468-2BE5DFC0EB30}.Debug|x86.ActiveCfg = Debug|Any CPU
		{4903FFE1-5A02-46C0-B468-2BE5DFC0EB30}.debug64|Any CPU.ActiveCfg = Debug|Any CPU
		{4903FFE1-5A02-46C0-B468-2BE5DFC0EB30}.debug64|Any CPU.Build.0 = Debug|Any CPU
		{4903FFE1-5A02-46C0-B468-2BE5DFC0EB30}.debug64|x64.ActiveCfg = Debug|Any CPU
		{4903FFE1-5A02-46C0-B468-2BE5DFC0EB30}.debug64|x64.Build.0 = Debug|Any CPU
		{4903FFE1-5A02-46C0-B468-2BE5DFC0EB30}.debug64|x86.ActiveCfg = Debug|Any CPU
		{4903FFE1-5A02-46C0-B468-2BE5DFC0EB30}.debug64|x86.Build.0 = Debug|Any CPU
		{4903FFE1-5A02-46C0-B468-2BE5DFC0EB30}.Release|Any CPU.ActiveCfg = Release|Any CPU
		{4903FFE1-5A02-46C0-B468-2BE5DFC0EB30}.Release|Any CPU.Build.0 = Release|Any CPU
		{4903FFE1-5A02-46C0-B468-2BE5DFC0EB30}.Release|x64.ActiveCfg = Release|Any CPU
		{4903FFE1-5A02-46C0-B468-2BE5DFC0EB30}.Release|x64.Build.0 = Release|Any CPU
		{4903FFE1-5A02-46C0-B468-2BE5DFC0EB30}.Release|x86.ActiveCfg = Release|Any CPU
		{5342B57A-ECC7-445A-8EA0-F4D191C9518E}.Debug|Any CPU.ActiveCfg = Debug|Any CPU
		{5342B57A-ECC7-445A-8EA0-F4D191C9518E}.Debug|Any CPU.Build.0 = Debug|Any CPU
		{5342B57A-ECC7-445A-8EA0-F4D191C9518E}.Debug|x64.ActiveCfg = Debug|Any CPU
		{5342B57A-ECC7-445A-8EA0-F4D191C9518E}.Debug|x64.Build.0 = Debug|Any CPU
		{5342B57A-ECC7-445A-8EA0-F4D191C9518E}.Debug|x86.ActiveCfg = Debug|Any CPU
		{5342B57A-ECC7-445A-8EA0-F4D191C9518E}.debug64|Any CPU.ActiveCfg = Debug|Any CPU
		{5342B57A-ECC7-445A-8EA0-F4D191C9518E}.debug64|Any CPU.Build.0 = Debug|Any CPU
		{5342B57A-ECC7-445A-8EA0-F4D191C9518E}.debug64|x64.ActiveCfg = Debug|Any CPU
		{5342B57A-ECC7-445A-8EA0-F4D191C9518E}.debug64|x64.Build.0 = Debug|Any CPU
		{5342B57A-ECC7-445A-8EA0-F4D191C9518E}.debug64|x86.ActiveCfg = Debug|Any CPU
		{5342B57A-ECC7-445A-8EA0-F4D191C9518E}.debug64|x86.Build.0 = Debug|Any CPU
		{5342B57A-ECC7-445A-8EA0-F4D191C9518E}.Release|Any CPU.ActiveCfg = Release|Any CPU
		{5342B57A-ECC7-445A-8EA0-F4D191C9518E}.Release|Any CPU.Build.0 = Release|Any CPU
		{5342B57A-ECC7-445A-8EA0-F4D191C9518E}.Release|x64.ActiveCfg = Release|Any CPU
		{5342B57A-ECC7-445A-8EA0-F4D191C9518E}.Release|x64.Build.0 = Release|Any CPU
		{5342B57A-ECC7-445A-8EA0-F4D191C9518E}.Release|x86.ActiveCfg = Release|Any CPU
		{0B3A7DBD-F135-4C43-81B7-29CA55AFDDDD}.Debug|Any CPU.ActiveCfg = Debug|Any CPU
		{0B3A7DBD-F135-4C43-81B7-29CA55AFDDDD}.Debug|Any CPU.Build.0 = Debug|Any CPU
		{0B3A7DBD-F135-4C43-81B7-29CA55AFDDDD}.Debug|x64.ActiveCfg = Debug|Any CPU
		{0B3A7DBD-F135-4C43-81B7-29CA55AFDDDD}.Debug|x64.Build.0 = Debug|Any CPU
		{0B3A7DBD-F135-4C43-81B7-29CA55AFDDDD}.Debug|x86.ActiveCfg = Debug|Any CPU
		{0B3A7DBD-F135-4C43-81B7-29CA55AFDDDD}.debug64|Any CPU.ActiveCfg = Debug|Any CPU
		{0B3A7DBD-F135-4C43-81B7-29CA55AFDDDD}.debug64|Any CPU.Build.0 = Debug|Any CPU
		{0B3A7DBD-F135-4C43-81B7-29CA55AFDDDD}.debug64|x64.ActiveCfg = Debug|Any CPU
		{0B3A7DBD-F135-4C43-81B7-29CA55AFDDDD}.debug64|x64.Build.0 = Debug|Any CPU
		{0B3A7DBD-F135-4C43-81B7-29CA55AFDDDD}.debug64|x86.ActiveCfg = Debug|Any CPU
		{0B3A7DBD-F135-4C43-81B7-29CA55AFDDDD}.debug64|x86.Build.0 = Debug|Any CPU
		{0B3A7DBD-F135-4C43-81B7-29CA55AFDDDD}.Release|Any CPU.ActiveCfg = Release|Any CPU
		{0B3A7DBD-F135-4C43-81B7-29CA55AFDDDD}.Release|Any CPU.Build.0 = Release|Any CPU
		{0B3A7DBD-F135-4C43-81B7-29CA55AFDDDD}.Release|x64.ActiveCfg = Release|Any CPU
		{0B3A7DBD-F135-4C43-81B7-29CA55AFDDDD}.Release|x64.Build.0 = Release|Any CPU
		{0B3A7DBD-F135-4C43-81B7-29CA55AFDDDD}.Release|x86.ActiveCfg = Release|Any CPU
		{384542EB-5DA0-444A-ACEB-48C2E6078375}.Debug|Any CPU.ActiveCfg = Debug|Any CPU
		{384542EB-5DA0-444A-ACEB-48C2E6078375}.Debug|Any CPU.Build.0 = Debug|Any CPU
		{384542EB-5DA0-444A-ACEB-48C2E6078375}.Debug|x64.ActiveCfg = Debug|Any CPU
		{384542EB-5DA0-444A-ACEB-48C2E6078375}.Debug|x64.Build.0 = Debug|Any CPU
		{384542EB-5DA0-444A-ACEB-48C2E6078375}.Debug|x86.ActiveCfg = Debug|Any CPU
		{384542EB-5DA0-444A-ACEB-48C2E6078375}.debug64|Any CPU.ActiveCfg = Debug|Any CPU
		{384542EB-5DA0-444A-ACEB-48C2E6078375}.debug64|Any CPU.Build.0 = Debug|Any CPU
		{384542EB-5DA0-444A-ACEB-48C2E6078375}.debug64|x64.ActiveCfg = Debug|Any CPU
		{384542EB-5DA0-444A-ACEB-48C2E6078375}.debug64|x64.Build.0 = Debug|Any CPU
		{384542EB-5DA0-444A-ACEB-48C2E6078375}.debug64|x86.ActiveCfg = Debug|x86
		{384542EB-5DA0-444A-ACEB-48C2E6078375}.debug64|x86.Build.0 = Debug|x86
		{384542EB-5DA0-444A-ACEB-48C2E6078375}.Release|Any CPU.ActiveCfg = Release|Any CPU
		{384542EB-5DA0-444A-ACEB-48C2E6078375}.Release|Any CPU.Build.0 = Release|Any CPU
		{384542EB-5DA0-444A-ACEB-48C2E6078375}.Release|x64.ActiveCfg = Release|Any CPU
		{384542EB-5DA0-444A-ACEB-48C2E6078375}.Release|x64.Build.0 = Release|Any CPU
		{384542EB-5DA0-444A-ACEB-48C2E6078375}.Release|x86.ActiveCfg = Release|Any CPU
		{69254EAE-807F-419B-9917-4560E3B921A4}.Debug|Any CPU.ActiveCfg = Debug|Any CPU
		{69254EAE-807F-419B-9917-4560E3B921A4}.Debug|Any CPU.Build.0 = Debug|Any CPU
		{69254EAE-807F-419B-9917-4560E3B921A4}.Debug|x64.ActiveCfg = Debug|Any CPU
		{69254EAE-807F-419B-9917-4560E3B921A4}.Debug|x64.Build.0 = Debug|Any CPU
		{69254EAE-807F-419B-9917-4560E3B921A4}.Debug|x86.ActiveCfg = Debug|Any CPU
		{69254EAE-807F-419B-9917-4560E3B921A4}.debug64|Any CPU.ActiveCfg = Debug|Any CPU
		{69254EAE-807F-419B-9917-4560E3B921A4}.debug64|Any CPU.Build.0 = Debug|Any CPU
		{69254EAE-807F-419B-9917-4560E3B921A4}.debug64|x64.ActiveCfg = Debug|Any CPU
		{69254EAE-807F-419B-9917-4560E3B921A4}.debug64|x64.Build.0 = Debug|Any CPU
		{69254EAE-807F-419B-9917-4560E3B921A4}.debug64|x86.ActiveCfg = Debug|Any CPU
		{69254EAE-807F-419B-9917-4560E3B921A4}.debug64|x86.Build.0 = Debug|Any CPU
		{69254EAE-807F-419B-9917-4560E3B921A4}.Release|Any CPU.ActiveCfg = Release|Any CPU
		{69254EAE-807F-419B-9917-4560E3B921A4}.Release|Any CPU.Build.0 = Release|Any CPU
		{69254EAE-807F-419B-9917-4560E3B921A4}.Release|x64.ActiveCfg = Release|Any CPU
		{69254EAE-807F-419B-9917-4560E3B921A4}.Release|x64.Build.0 = Release|Any CPU
		{69254EAE-807F-419B-9917-4560E3B921A4}.Release|x86.ActiveCfg = Release|Any CPU
		{F03C5A1F-F2BA-4783-B65E-56253B305DE2}.Debug|Any CPU.ActiveCfg = Debug|Any CPU
		{F03C5A1F-F2BA-4783-B65E-56253B305DE2}.Debug|Any CPU.Build.0 = Debug|Any CPU
		{F03C5A1F-F2BA-4783-B65E-56253B305DE2}.Debug|x64.ActiveCfg = Debug|Any CPU
		{F03C5A1F-F2BA-4783-B65E-56253B305DE2}.Debug|x64.Build.0 = Debug|Any CPU
		{F03C5A1F-F2BA-4783-B65E-56253B305DE2}.Debug|x86.ActiveCfg = Debug|Any CPU
		{F03C5A1F-F2BA-4783-B65E-56253B305DE2}.debug64|Any CPU.ActiveCfg = Debug|Any CPU
		{F03C5A1F-F2BA-4783-B65E-56253B305DE2}.debug64|Any CPU.Build.0 = Debug|Any CPU
		{F03C5A1F-F2BA-4783-B65E-56253B305DE2}.debug64|x64.ActiveCfg = Debug|Any CPU
		{F03C5A1F-F2BA-4783-B65E-56253B305DE2}.debug64|x64.Build.0 = Debug|Any CPU
		{F03C5A1F-F2BA-4783-B65E-56253B305DE2}.debug64|x86.ActiveCfg = Debug|Any CPU
		{F03C5A1F-F2BA-4783-B65E-56253B305DE2}.debug64|x86.Build.0 = Debug|Any CPU
		{F03C5A1F-F2BA-4783-B65E-56253B305DE2}.Release|Any CPU.ActiveCfg = Release|Any CPU
		{F03C5A1F-F2BA-4783-B65E-56253B305DE2}.Release|Any CPU.Build.0 = Release|Any CPU
		{F03C5A1F-F2BA-4783-B65E-56253B305DE2}.Release|x64.ActiveCfg = Release|Any CPU
		{F03C5A1F-F2BA-4783-B65E-56253B305DE2}.Release|x64.Build.0 = Release|Any CPU
		{F03C5A1F-F2BA-4783-B65E-56253B305DE2}.Release|x86.ActiveCfg = Release|Any CPU
		{0D688883-0FE9-4274-94A1-0BE30460724E}.Debug|Any CPU.ActiveCfg = Debug|Any CPU
		{0D688883-0FE9-4274-94A1-0BE30460724E}.Debug|Any CPU.Build.0 = Debug|Any CPU
		{0D688883-0FE9-4274-94A1-0BE30460724E}.Debug|x64.ActiveCfg = Debug|Any CPU
		{0D688883-0FE9-4274-94A1-0BE30460724E}.Debug|x64.Build.0 = Debug|Any CPU
		{0D688883-0FE9-4274-94A1-0BE30460724E}.Debug|x86.ActiveCfg = Debug|x86
		{0D688883-0FE9-4274-94A1-0BE30460724E}.Debug|x86.Build.0 = Debug|x86
		{0D688883-0FE9-4274-94A1-0BE30460724E}.debug64|Any CPU.ActiveCfg = Debug|Any CPU
		{0D688883-0FE9-4274-94A1-0BE30460724E}.debug64|Any CPU.Build.0 = Debug|Any CPU
		{0D688883-0FE9-4274-94A1-0BE30460724E}.debug64|x64.ActiveCfg = Debug|Any CPU
		{0D688883-0FE9-4274-94A1-0BE30460724E}.debug64|x64.Build.0 = Debug|Any CPU
		{0D688883-0FE9-4274-94A1-0BE30460724E}.debug64|x86.ActiveCfg = Debug|x86
		{0D688883-0FE9-4274-94A1-0BE30460724E}.debug64|x86.Build.0 = Debug|x86
		{0D688883-0FE9-4274-94A1-0BE30460724E}.Release|Any CPU.ActiveCfg = Release|Any CPU
		{0D688883-0FE9-4274-94A1-0BE30460724E}.Release|Any CPU.Build.0 = Release|Any CPU
		{0D688883-0FE9-4274-94A1-0BE30460724E}.Release|x64.ActiveCfg = Release|Any CPU
		{0D688883-0FE9-4274-94A1-0BE30460724E}.Release|x64.Build.0 = Release|Any CPU
		{0D688883-0FE9-4274-94A1-0BE30460724E}.Release|x86.ActiveCfg = Release|x86
		{0D688883-0FE9-4274-94A1-0BE30460724E}.Release|x86.Build.0 = Release|x86
		{2A23BDA0-1F81-4779-B1C4-A874B2475750}.Debug|Any CPU.ActiveCfg = Debug|Any CPU
		{2A23BDA0-1F81-4779-B1C4-A874B2475750}.Debug|Any CPU.Build.0 = Debug|Any CPU
		{2A23BDA0-1F81-4779-B1C4-A874B2475750}.Debug|x64.ActiveCfg = Debug|Any CPU
		{2A23BDA0-1F81-4779-B1C4-A874B2475750}.Debug|x64.Build.0 = Debug|Any CPU
		{2A23BDA0-1F81-4779-B1C4-A874B2475750}.Debug|x86.ActiveCfg = Debug|x86
		{2A23BDA0-1F81-4779-B1C4-A874B2475750}.Debug|x86.Build.0 = Debug|x86
		{2A23BDA0-1F81-4779-B1C4-A874B2475750}.debug64|Any CPU.ActiveCfg = Debug|Any CPU
		{2A23BDA0-1F81-4779-B1C4-A874B2475750}.debug64|Any CPU.Build.0 = Debug|Any CPU
		{2A23BDA0-1F81-4779-B1C4-A874B2475750}.debug64|x64.ActiveCfg = Debug|Any CPU
		{2A23BDA0-1F81-4779-B1C4-A874B2475750}.debug64|x64.Build.0 = Debug|Any CPU
		{2A23BDA0-1F81-4779-B1C4-A874B2475750}.debug64|x86.ActiveCfg = Debug|x86
		{2A23BDA0-1F81-4779-B1C4-A874B2475750}.debug64|x86.Build.0 = Debug|x86
		{2A23BDA0-1F81-4779-B1C4-A874B2475750}.Release|Any CPU.ActiveCfg = Release|Any CPU
		{2A23BDA0-1F81-4779-B1C4-A874B2475750}.Release|Any CPU.Build.0 = Release|Any CPU
		{2A23BDA0-1F81-4779-B1C4-A874B2475750}.Release|x64.ActiveCfg = Release|Any CPU
		{2A23BDA0-1F81-4779-B1C4-A874B2475750}.Release|x64.Build.0 = Release|Any CPU
		{2A23BDA0-1F81-4779-B1C4-A874B2475750}.Release|x86.ActiveCfg = Release|x86
		{2A23BDA0-1F81-4779-B1C4-A874B2475750}.Release|x86.Build.0 = Release|x86
		{D8DBDD51-DAC9-4ADD-A4A3-6B08115E4777}.Debug|Any CPU.ActiveCfg = Debug|Any CPU
		{D8DBDD51-DAC9-4ADD-A4A3-6B08115E4777}.Debug|Any CPU.Build.0 = Debug|Any CPU
		{D8DBDD51-DAC9-4ADD-A4A3-6B08115E4777}.Debug|x64.ActiveCfg = Debug|Any CPU
		{D8DBDD51-DAC9-4ADD-A4A3-6B08115E4777}.Debug|x64.Build.0 = Debug|Any CPU
		{D8DBDD51-DAC9-4ADD-A4A3-6B08115E4777}.Debug|x86.ActiveCfg = Debug|x86
		{D8DBDD51-DAC9-4ADD-A4A3-6B08115E4777}.Debug|x86.Build.0 = Debug|x86
		{D8DBDD51-DAC9-4ADD-A4A3-6B08115E4777}.debug64|Any CPU.ActiveCfg = Debug|Any CPU
		{D8DBDD51-DAC9-4ADD-A4A3-6B08115E4777}.debug64|Any CPU.Build.0 = Debug|Any CPU
		{D8DBDD51-DAC9-4ADD-A4A3-6B08115E4777}.debug64|x64.ActiveCfg = Debug|Any CPU
		{D8DBDD51-DAC9-4ADD-A4A3-6B08115E4777}.debug64|x64.Build.0 = Debug|Any CPU
		{D8DBDD51-DAC9-4ADD-A4A3-6B08115E4777}.debug64|x86.ActiveCfg = Debug|x86
		{D8DBDD51-DAC9-4ADD-A4A3-6B08115E4777}.debug64|x86.Build.0 = Debug|x86
		{D8DBDD51-DAC9-4ADD-A4A3-6B08115E4777}.Release|Any CPU.ActiveCfg = Release|Any CPU
		{D8DBDD51-DAC9-4ADD-A4A3-6B08115E4777}.Release|Any CPU.Build.0 = Release|Any CPU
		{D8DBDD51-DAC9-4ADD-A4A3-6B08115E4777}.Release|x64.ActiveCfg = Release|Any CPU
		{D8DBDD51-DAC9-4ADD-A4A3-6B08115E4777}.Release|x64.Build.0 = Release|Any CPU
		{D8DBDD51-DAC9-4ADD-A4A3-6B08115E4777}.Release|x86.ActiveCfg = Release|x86
		{D8DBDD51-DAC9-4ADD-A4A3-6B08115E4777}.Release|x86.Build.0 = Release|x86
		{3059098A-7F49-44C9-9F15-76AEE0BB6F0B}.Debug|Any CPU.ActiveCfg = Debug|Any CPU
		{3059098A-7F49-44C9-9F15-76AEE0BB6F0B}.Debug|Any CPU.Build.0 = Debug|Any CPU
		{3059098A-7F49-44C9-9F15-76AEE0BB6F0B}.Debug|x64.ActiveCfg = Debug|x64
		{3059098A-7F49-44C9-9F15-76AEE0BB6F0B}.Debug|x64.Build.0 = Debug|x64
		{3059098A-7F49-44C9-9F15-76AEE0BB6F0B}.Debug|x86.ActiveCfg = Debug|x86
		{3059098A-7F49-44C9-9F15-76AEE0BB6F0B}.Debug|x86.Build.0 = Debug|x86
		{3059098A-7F49-44C9-9F15-76AEE0BB6F0B}.debug64|Any CPU.ActiveCfg = debug64|Any CPU
		{3059098A-7F49-44C9-9F15-76AEE0BB6F0B}.debug64|Any CPU.Build.0 = debug64|Any CPU
		{3059098A-7F49-44C9-9F15-76AEE0BB6F0B}.debug64|x64.ActiveCfg = debug64|x64
		{3059098A-7F49-44C9-9F15-76AEE0BB6F0B}.debug64|x64.Build.0 = debug64|x64
		{3059098A-7F49-44C9-9F15-76AEE0BB6F0B}.debug64|x86.ActiveCfg = debug64|x86
		{3059098A-7F49-44C9-9F15-76AEE0BB6F0B}.debug64|x86.Build.0 = debug64|x86
		{3059098A-7F49-44C9-9F15-76AEE0BB6F0B}.Release|Any CPU.ActiveCfg = Release|Any CPU
		{3059098A-7F49-44C9-9F15-76AEE0BB6F0B}.Release|Any CPU.Build.0 = Release|Any CPU
		{3059098A-7F49-44C9-9F15-76AEE0BB6F0B}.Release|x64.ActiveCfg = Release|x64
		{3059098A-7F49-44C9-9F15-76AEE0BB6F0B}.Release|x64.Build.0 = Release|x64
		{3059098A-7F49-44C9-9F15-76AEE0BB6F0B}.Release|x86.ActiveCfg = Release|x86
		{3059098A-7F49-44C9-9F15-76AEE0BB6F0B}.Release|x86.Build.0 = Release|x86
	EndGlobalSection
	GlobalSection(SolutionProperties) = preSolution
		HideSolutionNode = FALSE
	EndGlobalSection
	GlobalSection(NestedProjects) = preSolution
		{95C5BB6A-6351-4382-90C9-938C9A3BF997} = {2899AB57-3A68-4F02-A9BC-55CF2A43A0AC}
		{EE71DA80-4E68-4A94-AEFA-ACBE2565BE5E} = {2899AB57-3A68-4F02-A9BC-55CF2A43A0AC}
		{4903FFE1-5A02-46C0-B468-2BE5DFC0EB30} = {2F2FE1F6-7FD3-4DE5-82E6-D4F539A57A95}
		{5342B57A-ECC7-445A-8EA0-F4D191C9518E} = {2899AB57-3A68-4F02-A9BC-55CF2A43A0AC}
		{0B3A7DBD-F135-4C43-81B7-29CA55AFDDDD} = {CE5ADAB5-CBDB-4613-8DA7-4D62E2642043}
		{384542EB-5DA0-444A-ACEB-48C2E6078375} = {CE5ADAB5-CBDB-4613-8DA7-4D62E2642043}
		{69254EAE-807F-419B-9917-4560E3B921A4} = {CE5ADAB5-CBDB-4613-8DA7-4D62E2642043}
		{F03C5A1F-F2BA-4783-B65E-56253B305DE2} = {CE5ADAB5-CBDB-4613-8DA7-4D62E2642043}
		{0D688883-0FE9-4274-94A1-0BE30460724E} = {CE5ADAB5-CBDB-4613-8DA7-4D62E2642043}
		{2A23BDA0-1F81-4779-B1C4-A874B2475750} = {2899AB57-3A68-4F02-A9BC-55CF2A43A0AC}
		{D8DBDD51-DAC9-4ADD-A4A3-6B08115E4777} = {2899AB57-3A68-4F02-A9BC-55CF2A43A0AC}
		{3059098A-7F49-44C9-9F15-76AEE0BB6F0B} = {2899AB57-3A68-4F02-A9BC-55CF2A43A0AC}
	EndGlobalSection
	GlobalSection(ExtensibilityGlobals) = postSolution
		SolutionGuid = {A6DCA8D8-A7C1-484E-94DF-1403E8D85A3A}
	EndGlobalSection
	GlobalSection(SubversionScc) = preSolution
		Svn-Managed = True
		Manager = AnkhSVN - Subversion Support for Visual Studio
	EndGlobalSection
EndGlobal
