
Microsoft Visual Studio Solution File, Format Version 11.00
# Visual Studio 2010
Project("{FAE04EC0-301F-11D3-BF4B-00C04F79EFBC}") = "InterFaceDLLv5Test", "InterFaceTestForm\InterFaceDLLv5Test.csproj", "{43679A1B-48E8-4098-8A96-DC4036E1E6DA}"
EndProject
Project("{FAE04EC0-301F-11D3-BF4B-00C04F79EFBC}") = "InterFaceV5", "InterFaceDLLv4\InterFaceV5.csproj", "{CC9034C0-0ECC-4361-9674-222C7F9BED0D}"
EndProject
Global
	GlobalSection(SolutionConfigurationPlatforms) = preSolution
		Debug|Any CPU = Debug|Any CPU
		Release|Any CPU = Release|Any CPU
	EndGlobalSection
	GlobalSection(ProjectConfigurationPlatforms) = postSolution
		{43679A1B-48E8-4098-8A96-DC4036E1E6DA}.Debug|Any CPU.ActiveCfg = Debug|Any CPU
		{43679A1B-48E8-4098-8A96-DC4036E1E6DA}.Debug|Any CPU.Build.0 = Debug|Any CPU
		{43679A1B-48E8-4098-8A96-DC4036E1E6DA}.Release|Any CPU.ActiveCfg = Release|Any CPU
		{43679A1B-48E8-4098-8A96-DC4036E1E6DA}.Release|Any CPU.Build.0 = Release|Any CPU
		{CC9034C0-0ECC-4361-9674-222C7F9BED0D}.Debug|Any CPU.ActiveCfg = Debug|Any CPU
		{CC9034C0-0ECC-4361-9674-222C7F9BED0D}.Debug|Any CPU.Build.0 = Debug|Any CPU
		{CC9034C0-0ECC-4361-9674-222C7F9BED0D}.Release|Any CPU.ActiveCfg = Release|Any CPU
		{CC9034C0-0ECC-4361-9674-222C7F9BED0D}.Release|Any CPU.Build.0 = Release|Any CPU
	EndGlobalSection
	GlobalSection(SolutionProperties) = preSolution
		HideSolutionNode = FALSE
	EndGlobalSection
	GlobalSection(ExtensibilityGlobals) = postSolution
		VisualSVNWorkingCopyRoot = 
	EndGlobalSection
EndGlobal
